
Microsoft Visual Studio Solution File, Format Version 12.00
# Visual Studio 15
Project("{FAE04EC0-301F-11D3-BF4B-00C04F79EFBC}") = "Xfw.Android", "Xfw.Android\Xfw.Android.csproj", "{D741D6BC-DBE3-4DF0-BAB6-1D4FBFB390F1}"
EndProject
Project("{FAE04EC0-301F-11D3-BF4B-00C04F79EFBC}") = "Xfw.iOS", "Xfw.iOS\Xfw.iOS.csproj", "{3FE7C5F1-9C02-4C57-885B-BA7F0DB8FFC8}"
EndProject
Project("{FAE04EC0-301F-11D3-BF4B-00C04F79EFBC}") = "Xfw", "Xfw\Xfw.csproj", "{0FAF6541-C008-48FE-8944-E9A37A31FBE0}"
EndProject
Global
	GlobalSection(SolutionConfigurationPlatforms) = preSolution
		Debug|Any CPU = Debug|Any CPU
		Release|Any CPU = Release|Any CPU
		Debug|iPhoneSimulator = Debug|iPhoneSimulator
		Release|iPhoneSimulator = Release|iPhoneSimulator
		Debug|iPhone = Debug|iPhone
		Release|iPhone = Release|iPhone
	EndGlobalSection
	GlobalSection(ProjectConfigurationPlatforms) = postSolution
		{D741D6BC-DBE3-4DF0-BAB6-1D4FBFB390F1}.Debug|Any CPU.ActiveCfg = Debug|Any CPU
		{D741D6BC-DBE3-4DF0-BAB6-1D4FBFB390F1}.Debug|Any CPU.Build.0 = Debug|Any CPU
		{D741D6BC-DBE3-4DF0-BAB6-1D4FBFB390F1}.Release|Any CPU.ActiveCfg = Release|Any CPU
		{D741D6BC-DBE3-4DF0-BAB6-1D4FBFB390F1}.Release|Any CPU.Build.0 = Release|Any CPU
		{D741D6BC-DBE3-4DF0-BAB6-1D4FBFB390F1}.Debug|iPhoneSimulator.ActiveCfg = Debug|Any CPU
		{D741D6BC-DBE3-4DF0-BAB6-1D4FBFB390F1}.Debug|iPhoneSimulator.Build.0 = Debug|Any CPU
		{D741D6BC-DBE3-4DF0-BAB6-1D4FBFB390F1}.Release|iPhoneSimulator.ActiveCfg = Release|Any CPU
		{D741D6BC-DBE3-4DF0-BAB6-1D4FBFB390F1}.Release|iPhoneSimulator.Build.0 = Release|Any CPU
		{D741D6BC-DBE3-4DF0-BAB6-1D4FBFB390F1}.Debug|iPhone.ActiveCfg = Debug|Any CPU
		{D741D6BC-DBE3-4DF0-BAB6-1D4FBFB390F1}.Debug|iPhone.Build.0 = Debug|Any CPU
		{D741D6BC-DBE3-4DF0-BAB6-1D4FBFB390F1}.Release|iPhone.ActiveCfg = Release|Any CPU
		{D741D6BC-DBE3-4DF0-BAB6-1D4FBFB390F1}.Release|iPhone.Build.0 = Release|Any CPU
		{3FE7C5F1-9C02-4C57-885B-BA7F0DB8FFC8}.Debug|Any CPU.ActiveCfg = Debug|iPhoneSimulator
		{3FE7C5F1-9C02-4C57-885B-BA7F0DB8FFC8}.Debug|Any CPU.Build.0 = Debug|iPhoneSimulator
		{3FE7C5F1-9C02-4C57-885B-BA7F0DB8FFC8}.Release|Any CPU.ActiveCfg = Release|iPhoneSimulator
		{3FE7C5F1-9C02-4C57-885B-BA7F0DB8FFC8}.Release|Any CPU.Build.0 = Release|iPhoneSimulator
		{3FE7C5F1-9C02-4C57-885B-BA7F0DB8FFC8}.Debug|iPhoneSimulator.ActiveCfg = Debug|iPhoneSimulator
		{3FE7C5F1-9C02-4C57-885B-BA7F0DB8FFC8}.Debug|iPhoneSimulator.Build.0 = Debug|iPhoneSimulator
		{3FE7C5F1-9C02-4C57-885B-BA7F0DB8FFC8}.Release|iPhoneSimulator.ActiveCfg = Release|iPhoneSimulator
		{3FE7C5F1-9C02-4C57-885B-BA7F0DB8FFC8}.Release|iPhoneSimulator.Build.0 = Release|iPhoneSimulator
		{3FE7C5F1-9C02-4C57-885B-BA7F0DB8FFC8}.Debug|iPhone.ActiveCfg = Debug|iPhone
		{3FE7C5F1-9C02-4C57-885B-BA7F0DB8FFC8}.Debug|iPhone.Build.0 = Debug|iPhone
		{3FE7C5F1-9C02-4C57-885B-BA7F0DB8FFC8}.Release|iPhone.ActiveCfg = Release|iPhone
		{3FE7C5F1-9C02-4C57-885B-BA7F0DB8FFC8}.Release|iPhone.Build.0 = Release|iPhone
		{0FAF6541-C008-48FE-8944-E9A37A31FBE0}.Debug|Any CPU.ActiveCfg = Debug|Any CPU
		{0FAF6541-C008-48FE-8944-E9A37A31FBE0}.Debug|Any CPU.Build.0 = Debug|Any CPU
		{0FAF6541-C008-48FE-8944-E9A37A31FBE0}.Release|Any CPU.ActiveCfg = Release|Any CPU
		{0FAF6541-C008-48FE-8944-E9A37A31FBE0}.Release|Any CPU.Build.0 = Release|Any CPU
		{0FAF6541-C008-48FE-8944-E9A37A31FBE0}.Debug|iPhoneSimulator.ActiveCfg = Debug|Any CPU
		{0FAF6541-C008-48FE-8944-E9A37A31FBE0}.Debug|iPhoneSimulator.Build.0 = Debug|Any CPU
		{0FAF6541-C008-48FE-8944-E9A37A31FBE0}.Release|iPhoneSimulator.ActiveCfg = Release|Any CPU
		{0FAF6541-C008-48FE-8944-E9A37A31FBE0}.Release|iPhoneSimulator.Build.0 = Release|Any CPU
		{0FAF6541-C008-48FE-8944-E9A37A31FBE0}.Debug|iPhone.ActiveCfg = Debug|Any CPU
		{0FAF6541-C008-48FE-8944-E9A37A31FBE0}.Debug|iPhone.Build.0 = Debug|Any CPU
		{0FAF6541-C008-48FE-8944-E9A37A31FBE0}.Release|iPhone.ActiveCfg = Release|Any CPU
		{0FAF6541-C008-48FE-8944-E9A37A31FBE0}.Release|iPhone.Build.0 = Release|Any CPU
	EndGlobalSection
EndGlobal
